
Microsoft Visual Studio Solution File, Format Version 12.00
# Visual Studio Version 17
VisualStudioVersion = 17.8.34330.188
MinimumVisualStudioVersion = 10.0.40219.1
Project("{9A19103F-16F7-4668-BE54-9A1E7A4F7556}") = "PatientsMedicines", "PatientsMedicines.csproj", "{5AFB7415-E2D3-4EAA-B2E2-C06490540E44}"
EndProject
Global
	GlobalSection(SolutionConfigurationPlatforms) = preSolution
		Debug|Any CPU = Debug|Any CPU
		Release|Any CPU = Release|Any CPU
	EndGlobalSection
	GlobalSection(ProjectConfigurationPlatforms) = postSolution
		{5AFB7415-E2D3-4EAA-B2E2-C06490540E44}.Debug|Any CPU.ActiveCfg = Debug|Any CPU
		{5AFB7415-E2D3-4EAA-B2E2-C06490540E44}.Debug|Any CPU.Build.0 = Debug|Any CPU
		{5AFB7415-E2D3-4EAA-B2E2-C06490540E44}.Release|Any CPU.ActiveCfg = Release|Any CPU
		{5AFB7415-E2D3-4EAA-B2E2-C06490540E44}.Release|Any CPU.Build.0 = Release|Any CPU
	EndGlobalSection
	GlobalSection(SolutionProperties) = preSolution
		HideSolutionNode = FALSE
	EndGlobalSection
	GlobalSection(ExtensibilityGlobals) = postSolution
		SolutionGuid = {0A7B91B7-E8BF-41FB-AF35-F8A21581923D}
	EndGlobalSection
EndGlobal
